
Microsoft Visual Studio Solution File, Format Version 12.00
# Visual Studio Version 17
VisualStudioVersion = 17.14.36429.23 d17.14
MinimumVisualStudioVersion = 10.0.40219.1
Project("{FAE04EC0-301F-11D3-BF4B-00C04F79EFBC}") = "ClasesTallerMecanico", "ClasesTallerMecanico\ClasesTallerMecanico.csproj", "{A7CCE65B-0BEF-4F9C-A89C-6575B664C840}"
EndProject
Project("{FAE04EC0-301F-11D3-BF4B-00C04F79EFBC}") = "WinFormsTallerMecanico", "WinFormsTallerMecanico\WinFormsTallerMecanico.csproj", "{8CC17091-1325-48D5-9398-E4BBE56095BB}"
EndProject
Global
	GlobalSection(SolutionConfigurationPlatforms) = preSolution
		Debug|Any CPU = Debug|Any CPU
		Release|Any CPU = Release|Any CPU
	EndGlobalSection
	GlobalSection(ProjectConfigurationPlatforms) = postSolution
		{A7CCE65B-0BEF-4F9C-A89C-6575B664C840}.Debug|Any CPU.ActiveCfg = Debug|Any CPU
		{A7CCE65B-0BEF-4F9C-A89C-6575B664C840}.Debug|Any CPU.Build.0 = Debug|Any CPU
		{A7CCE65B-0BEF-4F9C-A89C-6575B664C840}.Release|Any CPU.ActiveCfg = Release|Any CPU
		{A7CCE65B-0BEF-4F9C-A89C-6575B664C840}.Release|Any CPU.Build.0 = Release|Any CPU
		{8CC17091-1325-48D5-9398-E4BBE56095BB}.Debug|Any CPU.ActiveCfg = Debug|Any CPU
		{8CC17091-1325-48D5-9398-E4BBE56095BB}.Debug|Any CPU.Build.0 = Debug|Any CPU
		{8CC17091-1325-48D5-9398-E4BBE56095BB}.Release|Any CPU.ActiveCfg = Release|Any CPU
		{8CC17091-1325-48D5-9398-E4BBE56095BB}.Release|Any CPU.Build.0 = Release|Any CPU
	EndGlobalSection
	GlobalSection(SolutionProperties) = preSolution
		HideSolutionNode = FALSE
	EndGlobalSection
	GlobalSection(ExtensibilityGlobals) = postSolution
		SolutionGuid = {C9800E64-1016-4432-899C-A992DFF851ED}
	EndGlobalSection
EndGlobal
